github.com/ajstarks/svgo v0.0.0-20200320125537-f189e35d30ca/go.mod h1:K08gAheRH3/J6wwsYMMT4xOr94bZjxIelGM0+d/wbFw=
github.com/go-chi/chi/v5 v5.1.0/go.mod h1:DslCQbL2OYiznFReuXYUmQ2hGd1aDpCnlMNITLSKoi8=
github.com/golang-jwt/jwt/v5 v5.2.1/go.mod h1:pqrtFR0X4osieyHYxtmOUWsAWrfe1Q5UVIyoH402zdk=
github.com/golang-migrate/migrate/v4 v4.18.1/go.mod h1:HAX6m3sQgcdO81tdjn5exv20+3Kb13cmGli1hrD6hks=
github.com/gorilla/websocket v1.5.3/go.mod h1:YR8l580nyteQvAITg2hZ9XVh4b55+EU/adAjf1fMHhE=
github.com/jackc/pgx/v5 v5.7.1/go.mod h1:e7O26IywZZ+naJtWWos6i6fvWK+29etgITqrqHLfoZA=
github.com/notnil/chess v1.9.0/go.mod h1:cRuJUIBFq9Xki05TWHJxHYkC+fFpq45IWwk94DdlCrA=
github.com/stretchr/testify v1.9.0/go.mod h1:r2ic/lqez/lEtzL7wO/rwa5dbSLXVDPFyf8C91i36aY=
go.uber.org/goleak v1.3.0 h1:2K3zAYmnTNqV73imy9J1T3WC+gmCePx2hEGkimedGto=
go.uber.org/goleak v1.3.0/go.mod h1:CoHD4mav9JJNrW/WLlf7HGZPjdw8EucARQHekz1X6bE=
